[[package]]
name = "maturin"
version = "0.12.11"
description = "Build and publish crates with pyo3, rust-cpython and cffi bindings as well as rust binaries as python packages"
category = "dev"
optional = false
python-versions = ">=3.6"

[package.dependencies]
tomli = {version = ">=1.1.0", markers = "python_version < \"3.11\""}

[package.extras]
patchelf = ["patchelf"]
zig = ["ziglang (>=0.9.0,<0.10.0)"]

[[package]]
name = "numpy"
version = "1.22.3"
description = "NumPy is the fundamental package for array computing with Python."
category = "main"
optional = false
python-versions = ">=3.8"

[[package]]
name = "tomli"
version = "2.0.1"
description = "A lil' TOML parser"
category = "dev"
optional = false
python-versions = ">=3.7"

[metadata]
lock-version = "1.1"
python-versions = "^3.8"
content-hash = "0e31da1d6583f83138df5f0735c2b22df1108837fed0c676fe3de1e6840c3647"

[metadata.files]
maturin = [
    {file = "maturin-0.12.11-py3-none-macosx_10_7_x86_64.whl", hash = "sha256:1c3053dccc099c864e9d3fa4ff4d0bfa38e9f6a654efc6d5892eb49839153e1d"},
    {file = "maturin-0.12.11-py3-none-macosx_10_9_x86_64.macosx_11_0_arm64.macosx_10_9_universal2.whl", hash = "sha256:78fb1a9d9de79cac91fc9bf5dfba20e958ff3d82434e34fac6a4712b87ec450d"},
    {file = "maturin-0.12.11-py3-none-manylinux_2_12_i686.manylinux2010_i686.whl", hash = "sha256:553d70f4723d3ee35d0ba85887e15e3d5dadedad4479210d647570b6691e9e04"},
    {file = "maturin-0.12.11-py3-none-manylinux_2_17_aarch64.manylinux2014_aarch64.whl", hash = "sha256:e3aace6694fabeb2f2d255d0700a148466cff51ce8de9e5bae4f6e750be3a351"},
    {file = "maturin-0.12.11-py3-none-manylinux_2_17_armv7l.manylinux2014_armv7l.whl", hash = "sha256:b0eb74b80d94884c9bce0a928c991269ae7a74e77aa396d6275e5486e08a0bd5"},
    {file = "maturin-0.12.11-py3-none-manylinux_2_17_ppc64le.manylinux2014_ppc64le.whl", hash = "sha256:3b9c19937c7c9b2c1a71b177ff3c30f7d97d30e03cf8f471a3f953715e425028"},
    {file = "maturin-0.12.11-py3-none-manylinux_2_17_s390x.manylinux2014_s390x.whl", hash = "sha256:86199180876d361d582207dd10ced857c3a2d4962cf5d9c6a37b2c38fa642ca5"},
    {file = "maturin-0.12.11-py3-none-manylinux_2_5_x86_64.manylinux1_x86_64.whl", hash = "sha256:539a72aa92cb58549c94abaa18facc1a01b172072315bdcb3b98588f6f3de92a"},
    {file = "maturin-0.12.11-py3-none-musllinux_1_1_aarch64.whl", hash = "sha256:b6690010cd9f4c1c2994a2ff567709b868da10289749feaed55bcc393021c62f"},
    {file = "maturin-0.12.11-py3-none-musllinux_1_1_armv7l.whl", hash = "sha256:55be28fa6eab92cccd10e70755e78f558f46cc643351144aa8a7c03d88d55806"},
    {file = "maturin-0.12.11-py3-none-musllinux_1_1_i686.whl", hash = "sha256:9bbaed7d7a0ac59cd243a29be21e60f1c7c34d318c8e52ffb484c471b1e7b529"},
    {file = "maturin-0.12.11-py3-none-musllinux_1_1_ppc64le.whl", hash = "sha256:bded1a9d9dcf010931ff00b371795f047ed48bd6a978ef25db5afd1128e70c58"},
    {file = "maturin-0.12.11-py3-none-musllinux_1_1_x86_64.whl", hash = "sha256:88bbd57604efa2416f7318207e8d9771215e0aaf9aa325682edcf0680bb5d555"},
    {file = "maturin-0.12.11-py3-none-win32.whl", hash = "sha256:fe9ed13c58e57bfd719fca902f4ed7fd5339694667a36c6ac79379008a391967"},
    {file = "maturin-0.12.11-py3-none-win_amd64.whl", hash = "sha256:1622708ce62de9da24c774992642715d133c8c51e5ab8cd676d4d38766a27f83"},
    {file = "maturin-0.12.11-py3-none-win_arm64.whl", hash = "sha256:27dccb5a473511c3187e51399f563537e85d2cb9c4fed672c08e540a9abca634"},
    {file = "maturin-0.12.11.tar.gz", hash = "sha256:8602d28df0312ca703fea6eb347d37aa511342fc32234b6d6b73053b66fcdf26"},
]
numpy = [
    {file = "numpy-1.22.3-cp310-cp310-macosx_10_14_x86_64.whl", hash = "sha256:92bfa69cfbdf7dfc3040978ad09a48091143cffb778ec3b03fa170c494118d75"},
    {file = "numpy-1.22.3-cp310-cp310-macosx_11_0_arm64.whl", hash = "sha256:8251ed96f38b47b4295b1ae51631de7ffa8260b5b087808ef09a39a9d66c97ab"},
    {file = "numpy-1.22.3-cp310-cp310-manylinux_2_17_aarch64.manylinux2014_aarch64.whl", hash = "sha256:48a3aecd3b997bf452a2dedb11f4e79bc5bfd21a1d4cc760e703c31d57c84b3e"},
    {file = "numpy-1.22.3-cp310-cp310-manylinux_2_17_x86_64.manylinux2014_x86_64.whl", hash = "sha256:a3bae1a2ed00e90b3ba5f7bd0a7c7999b55d609e0c54ceb2b076a25e345fa9f4"},
    {file = "numpy-1.22.3-cp310-cp310-win_amd64.whl", hash = "sha256:08d9b008d0156c70dc392bb3ab3abb6e7a711383c3247b410b39962263576cd4"},
    {file = "numpy-1.22.3-cp38-cp38-macosx_10_14_x86_64.whl", hash = "sha256:201b4d0552831f7250a08d3b38de0d989d6f6e4658b709a02a73c524ccc6ffce"},
    {file = "numpy-1.22.3-cp38-cp38-macosx_11_0_arm64.whl", hash = "sha256:f8c1f39caad2c896bc0018f699882b345b2a63708008be29b1f355ebf6f933fe"},
    {file = "numpy-1.22.3-cp38-cp38-manylinux_2_17_aarch64.manylinux2014_aarch64.whl", hash = "sha256:568dfd16224abddafb1cbcce2ff14f522abe037268514dd7e42c6776a1c3f8e5"},
    {file = "numpy-1.22.3-cp38-cp38-manylinux_2_17_x86_64.manylinux2014_x86_64.whl", hash = "sha256:3ca688e1b9b95d80250bca34b11a05e389b1420d00e87a0d12dc45f131f704a1"},
    {file = "numpy-1.22.3-cp38-cp38-win32.whl", hash = "sha256:e7927a589df200c5e23c57970bafbd0cd322459aa7b1ff73b7c2e84d6e3eae62"},
    {file = "numpy-1.22.3-cp38-cp38-win_amd64.whl", hash = "sha256:07a8c89a04997625236c5ecb7afe35a02af3896c8aa01890a849913a2309c676"},
    {file = "numpy-1.22.3-cp39-cp39-macosx_10_14_x86_64.whl", hash = "sha256:2c10a93606e0b4b95c9b04b77dc349b398fdfbda382d2a39ba5a822f669a0123"},
    {file = "numpy-1.22.3-cp39-cp39-macosx_11_0_arm64.whl", hash = "sha256:fade0d4f4d292b6f39951b6836d7a3c7ef5b2347f3c420cd9820a1d90d794802"},
    {file = "numpy-1.22.3-cp39-cp39-manylinux_2_17_aarch64.manylinux2014_aarch64.whl", hash = "sha256:5bfb1bb598e8229c2d5d48db1860bcf4311337864ea3efdbe1171fb0c5da515d"},
    {file = "numpy-1.22.3-cp39-cp39-manylinux_2_17_x86_64.manylinux2014_x86_64.whl", hash = "sha256:97098b95aa4e418529099c26558eeb8486e66bd1e53a6b606d684d0c3616b168"},
    {file = "numpy-1.22.3-cp39-cp39-win32.whl", hash = "sha256:fdf3c08bce27132395d3c3ba1503cac12e17282358cb4bddc25cc46b0aca07aa"},
    {file = "numpy-1.22.3-cp39-cp39-win_amd64.whl", hash = "sha256:639b54cdf6aa4f82fe37ebf70401bbb74b8508fddcf4797f9fe59615b8c5813a"},
    {file = "numpy-1.22.3-pp38-pypy38_pp73-manylinux_2_17_x86_64.manylinux2014_x86_64.whl", hash = "sha256:c34ea7e9d13a70bf2ab64a2532fe149a9aced424cd05a2c4ba662fd989e3e45f"},
    {file = "numpy-1.22.3.zip", hash = "sha256:dbc7601a3b7472d559dc7b933b18b4b66f9aa7452c120e87dfb33d02008c8a18"},
]
tomli = [
    {file = "tomli-2.0.1-py3-none-any.whl", hash = "sha256:939de3e7a6161af0c887ef91b7d41a53e7c5a1ca976325f429cb46ea9bc30ecc"},
    {file = "tomli-2.0.1.tar.gz", hash = "sha256:de526c12914f0c550d15924c62d72abc48d6fe7364aa87328337a31007fe8a4f"},
]
